# @generated - this file is auto-generated by `mise lock` https://mise.en.dev/dev-tools/mise-lock.html

[[tools."aqua:BurntSushi/ripgrep"]]
version = "15.2.0"
backend = "aqua:BurntSushi/ripgrep"

[tools."aqua:BurntSushi/ripgrep"."platforms.linux-arm64"]
checksum = "sha256:a740b91c82eaf9914cfedd353572f2791cbe0162c84101ee0951058f4dcbc90d"
url = "https://github.com/BurntSushi/ripgrep/releases/download/15.2.0/ripgrep-15.2.0-aarch64-unknown-linux-gnu.tar.gz"
url_api = "https://api.github.com/repos/BurntSushi/ripgrep/releases/assets/478119579"

[tools."aqua:BurntSushi/ripgrep"."platforms.macos-arm64"]
checksum = "sha256:3750b2e93f37e0c692657da574d7019a101c0084da05a790c83fd335bad973e4"
url = "https://github.com/BurntSushi/ripgrep/releases/download/15.2.0/ripgrep-15.2.0-aarch64-apple-darwin.tar.gz"
url_api = "https://api.github.com/repos/BurntSushi/ripgrep/releases/assets/478118851"

[[tools."aqua:ClementTsang/bottom"]]
version = "0.14.7"
backend = "aqua:ClementTsang/bottom"

[tools."aqua:ClementTsang/bottom"."platforms.linux-arm64"]
checksum = "sha256:0119ab5c1a6f2501dfa6f94ec7529f108dc62fcc0097f4d5614a36fffdbf64a4"
url = "https://github.com/ClementTsang/bottom/releases/download/0.14.7/bottom_aarch64-unknown-linux-musl.tar.gz"
url_api = "https://api.github.com/repos/ClementTsang/bottom/releases/assets/491705618"
provenance = "github-attestations"

[tools."aqua:ClementTsang/bottom"."platforms.macos-arm64"]
checksum = "sha256:aaf5c61c0c29b35a205fe1cff590d900716ea61e7d7c5efc8a3ebfbf624a81a2"
url = "https://github.com/ClementTsang/bottom/releases/download/0.14.7/bottom_aarch64-apple-darwin.tar.gz"
url_api = "https://api.github.com/repos/ClementTsang/bottom/releases/assets/491705631"
provenance = "github-attestations"

[[tools."aqua:awslabs/amazon-ecr-credential-helper"]]
version = "0.12.0"
backend = "aqua:awslabs/amazon-ecr-credential-helper"

[tools."aqua:awslabs/amazon-ecr-credential-helper"."platforms.linux-arm64"]
checksum = "sha256:5bdd30fb6c7a92462f5b454cce1aa906ca7926a6c2e39efad9613a7bf7661fac"
url = "https://amazon-ecr-credential-helper-releases.s3.us-east-2.amazonaws.com/0.12.0/linux-arm64/docker-credential-ecr-login"

[tools."aqua:awslabs/amazon-ecr-credential-helper"."platforms.macos-arm64"]
checksum = "sha256:aa9e902a4dd80aa34ac0f753f6ab4723050b9d9846b07237ea56c5f814b9f457"
url = "https://amazon-ecr-credential-helper-releases.s3.us-east-2.amazonaws.com/0.12.0/darwin-arm64/docker-credential-ecr-login"

[[tools."aqua:cli/cli"]]
version = "2.97.0"
backend = "aqua:cli/cli"

[tools."aqua:cli/cli"."platforms.linux-arm64"]
checksum = "sha256:73ea440ecad9c9e284429997ee6f93577bc6f7bc6fba357ef62c53ad8fb641a5"
url = "https://github.com/cli/cli/releases/download/v2.97.0/gh_2.97.0_linux_arm64.tar.gz"
url_api = "https://api.github.com/repos/cli/cli/releases/assets/496108278"
provenance = "github-attestations"

[tools."aqua:cli/cli"."platforms.macos-arm64"]
checksum = "sha256:a58b8fd77b417a38f47a0b54d1370c59b0fcdb324ccc9ca002b0998f7c4c999e"
url = "https://github.com/cli/cli/releases/download/v2.97.0/gh_2.97.0_macOS_arm64.zip"
url_api = "https://api.github.com/repos/cli/cli/releases/assets/496108298"
provenance = "github-attestations"

[[tools."aqua:cloudflare/cloudflared"]]
version = "2026.7.3"
backend = "aqua:cloudflare/cloudflared"

[tools."aqua:cloudflare/cloudflared"."platforms.linux-arm64"]
checksum = "sha256:65259e652a7bea08bf5df603233ab22b8bf3116af8df9f9206209af6a1b955c0"
url = "https://github.com/cloudflare/cloudflared/releases/download/2026.7.3/cloudflared-linux-arm64"
url_api = "https://api.github.com/repos/cloudflare/cloudflared/releases/assets/487053052"

[tools."aqua:cloudflare/cloudflared"."platforms.macos-arm64"]
checksum = "sha256:90c5a4f914d705fd70c135dba6d80b1791d254b08d6d4136301941f88330dd09"
url = "https://github.com/cloudflare/cloudflared/releases/download/2026.7.3/cloudflared-darwin-arm64.tgz"
url_api = "https://api.github.com/repos/cloudflare/cloudflared/releases/assets/487053461"

[[tools."aqua:dandavison/delta"]]
version = "0.19.2"
backend = "aqua:dandavison/delta"

[tools."aqua:dandavison/delta"."platforms.linux-arm64"]
checksum = "sha256:0bfce159a5cddd5feb3d6db4a616d883ff51253ce08ac7ec11cb1d208cfaab9e"
url = "https://github.com/dandavison/delta/releases/download/0.19.2/delta-0.19.2-aarch64-unknown-linux-gnu.tar.gz"
url_api = "https://api.github.com/repos/dandavison/delta/releases/assets/383662337"

[tools."aqua:dandavison/delta"."platforms.macos-arm64"]
checksum = "sha256:9be36612a5a13e9e386dc498fb8e50dc87c72ee42b63db0ea05b32f99a72a69a"
url = "https://github.com/dandavison/delta/releases/download/0.19.2/delta-0.19.2-aarch64-apple-darwin.tar.gz"
url_api = "https://api.github.com/repos/dandavison/delta/releases/assets/383662310"

[[tools."aqua:direnv/direnv"]]
version = "2.37.1"
backend = "aqua:direnv/direnv"

[tools."aqua:direnv/direnv"."platforms.linux-arm64"]
checksum = "sha256:2a9cef8d73521d6a3ec3f2871c4b747b8c4cc038628c1b57a7efa42b393a2d82"
url = "https://github.com/direnv/direnv/releases/download/v2.37.1/direnv.linux-arm64"
url_api = "https://api.github.com/repos/direnv/direnv/releases/assets/274610549"

[tools."aqua:direnv/direnv"."platforms.macos-arm64"]
checksum = "sha256:4f569f3a36732bfd8b8fea7bfcc6ad87a59745c109022164d0ca4832451d5369"
url = "https://github.com/direnv/direnv/releases/download/v2.37.1/direnv.darwin-arm64"
url_api = "https://api.github.com/repos/direnv/direnv/releases/assets/274610544"

[[tools."aqua:eksctl-io/eksctl"]]
version = "0.229.0"
backend = "aqua:eksctl-io/eksctl"

[tools."aqua:eksctl-io/eksctl"."platforms.linux-arm64"]
checksum = "sha256:bc187fb2dead63135a04616b9cb88f4effe01199ed3c348cbeadf4dee5fb889e"
url = "https://github.com/eksctl-io/eksctl/releases/download/v0.229.0/eksctl_Linux_arm64.tar.gz"
url_api = "https://api.github.com/repos/eksctl-io/eksctl/releases/assets/463701505"

[tools."aqua:eksctl-io/eksctl"."platforms.macos-arm64"]
checksum = "sha256:fe3dfba81ff26ce292b303b9c33dbce2f49b74591b0fbf5219669de40436f907"
url = "https://github.com/eksctl-io/eksctl/releases/download/v0.229.0/eksctl_Darwin_arm64.tar.gz"
url_api = "https://api.github.com/repos/eksctl-io/eksctl/releases/assets/463701492"

[[tools."aqua:fullstorydev/grpcurl"]]
version = "1.9.3"
backend = "aqua:fullstorydev/grpcurl"

[tools."aqua:fullstorydev/grpcurl"."platforms.linux-arm64"]
checksum = "sha256:b20a00c1cb82ab81ec32696766d4076e99b4cb5ca0823a71767ba64dbea0f263"
url = "https://github.com/fullstorydev/grpcurl/releases/download/v1.9.3/grpcurl_1.9.3_linux_arm64.tar.gz"
url_api = "https://api.github.com/repos/fullstorydev/grpcurl/releases/assets/236574411"

[tools."aqua:fullstorydev/grpcurl"."platforms.macos-arm64"]
checksum = "sha256:d8391485e99a728a3a4e82af3fd621f9fdea0c417a74e5122803ad20b207b623"
url = "https://github.com/fullstorydev/grpcurl/releases/download/v1.9.3/grpcurl_1.9.3_osx_arm64.tar.gz"
url_api = "https://api.github.com/repos/fullstorydev/grpcurl/releases/assets/236574407"

[[tools."aqua:gitleaks/gitleaks"]]
version = "8.30.1"
backend = "aqua:gitleaks/gitleaks"

[tools."aqua:gitleaks/gitleaks"."platforms.linux-arm64"]
checksum = "sha256:e4a487ee7ccd7d3a7f7ec08657610aa3606637dab924210b3aee62570fb4b080"
url = "https://github.com/gitleaks/gitleaks/releases/download/v8.30.1/gitleaks_8.30.1_linux_arm64.tar.gz"
url_api = "https://api.github.com/repos/gitleaks/gitleaks/releases/assets/378332057"

[tools."aqua:gitleaks/gitleaks"."platforms.macos-arm64"]
checksum = "sha256:b40ab0ae55c505963e365f271a8d3846efbc170aa17f2607f13df610a9aeb6a5"
url = "https://github.com/gitleaks/gitleaks/releases/download/v8.30.1/gitleaks_8.30.1_darwin_arm64.tar.gz"
url_api = "https://api.github.com/repos/gitleaks/gitleaks/releases/assets/378332059"

[[tools."aqua:go-task/task"]]
version = "3.52.0"
backend = "aqua:go-task/task"

[tools."aqua:go-task/task"."platforms.macos-arm64"]
checksum = "sha256:debfa9a3bc06fcb5d5550b44725ecd22bb305499ce057bd6d7a774db5cdaa7b8"
url = "https://github.com/go-task/task/releases/download/v3.52.0/task_darwin_arm64.tar.gz"
url_api = "https://api.github.com/repos/go-task/task/releases/assets/464613319"

[[tools."aqua:golangci/golangci-lint"]]
version = "2.12.2"
backend = "aqua:golangci/golangci-lint"

[tools."aqua:golangci/golangci-lint"."platforms.macos-arm64"]
checksum = "sha256:a9c54498731b3128f79e090be6110f3e5fffccc617b08142ed244d4126c73f29"
url = "https://github.com/golangci/golangci-lint/releases/download/v2.12.2/golangci-lint-2.12.2-darwin-arm64.tar.gz"
url_api = "https://api.github.com/repos/golangci/golangci-lint/releases/assets/413470950"
provenance = "github-attestations"

[[tools."aqua:jedisct1/minisign"]]
version = "0.12"
backend = "aqua:jedisct1/minisign"

[tools."aqua:jedisct1/minisign"."platforms.macos-arm64"]
checksum = "blake3:0665da0c42cf8c77e6a415e7b3ad4e6275b13cb3e26c9d14ded539b04b64f2c7"
url = "https://github.com/jedisct1/minisign/releases/download/0.12/minisign-0.12-macos.zip"
url_api = "https://api.github.com/repos/jedisct1/minisign/releases/assets/220895743"
provenance = "minisign"

[[tools."aqua:jesseduffield/lazygit"]]
version = "0.64.0"
backend = "aqua:jesseduffield/lazygit"

[tools."aqua:jesseduffield/lazygit"."platforms.linux-arm64"]
checksum = "sha256:d286487eb18b2b82fccfd0f1c55d8445e6eb82c08ced3b9eb3e5be0e7c627fd0"
url = "https://github.com/jesseduffield/lazygit/releases/download/v0.64.0/lazygit_0.64.0_linux_arm64.tar.gz"
url_api = "https://api.github.com/repos/jesseduffield/lazygit/releases/assets/501040497"

[tools."aqua:jesseduffield/lazygit"."platforms.macos-arm64"]
checksum = "sha256:df8d2dd27cdc1075785f1abb85b74fe393fcdc1f3fdf6cb2b587feb3ce72ba33"
url = "https://github.com/jesseduffield/lazygit/releases/download/v0.64.0/lazygit_0.64.0_darwin_arm64.tar.gz"
url_api = "https://api.github.com/repos/jesseduffield/lazygit/releases/assets/501040495"

[[tools."aqua:jqlang/jq"]]
version = "1.8.2"
backend = "aqua:jqlang/jq"

[tools."aqua:jqlang/jq"."platforms.linux-arm64"]
checksum = "sha256:8b85c817833814ddca00a144c33705546355afccf0cf39b188f3cdb48b852309"
url = "https://github.com/jqlang/jq/releases/download/jq-1.8.2/jq-linux-arm64"
url_api = "https://api.github.com/repos/jqlang/jq/releases/assets/453012756"
provenance = "github-attestations"

[tools."aqua:jqlang/jq"."platforms.macos-arm64"]
checksum = "sha256:2d75340ba57a4b4b4c8708a21c2dc8e958a48aaa8bba13b27f77f6e4c0eca07e"
url = "https://github.com/jqlang/jq/releases/download/jq-1.8.2/jq-macos-arm64"
url_api = "https://api.github.com/repos/jqlang/jq/releases/assets/453012783"
provenance = "github-attestations"

[[tools."aqua:junegunn/fzf"]]
version = "0.74.2"
backend = "aqua:junegunn/fzf"

[tools."aqua:junegunn/fzf"."platforms.linux-arm64"]
checksum = "sha256:1373e3f5ed3c468179d4529942ddd96c234bcad1bcacaf238916e26a5234b5b2"
url = "https://github.com/junegunn/fzf/releases/download/v0.74.2/fzf-0.74.2-linux_arm64.tar.gz"
url_api = "https://api.github.com/repos/junegunn/fzf/releases/assets/497342620"

[tools."aqua:junegunn/fzf"."platforms.macos-arm64"]
checksum = "sha256:d60ddb36356566ac69bae7c3504e888916cf747c9ad2132141c09229b1e28dee"
url = "https://github.com/junegunn/fzf/releases/download/v0.74.2/fzf-0.74.2-darwin_arm64.tar.gz"
url_api = "https://api.github.com/repos/junegunn/fzf/releases/assets/497342630"

[[tools."aqua:kubernetes/kubernetes/kubectl"]]
version = "1.36.3"
backend = "aqua:kubernetes/kubernetes/kubectl"

[tools."aqua:kubernetes/kubernetes/kubectl"."platforms.linux-arm64"]
checksum = "sha256:3d86f24401c41ae5a46ac50eef8865fe891d3647d324a0836f6c63757a126e62"
url = "https://dl.k8s.io/v1.36.3/bin/linux/arm64/kubectl"

[tools."aqua:kubernetes/kubernetes/kubectl"."platforms.macos-arm64"]
checksum = "sha256:fc8582acde13869a606730a79379d6515f30c68afcced0b5ac8789d5d002b7d6"
url = "https://dl.k8s.io/v1.36.3/bin/darwin/arm64/kubectl"

[[tools."aqua:lsd-rs/lsd"]]
version = "1.2.0"
backend = "aqua:lsd-rs/lsd"

[tools."aqua:lsd-rs/lsd"."platforms.linux-arm64"]
checksum = "sha256:642ecb1a763b9f790a99c83a1445c117a6813ed4edb5d498d4420423c6353eb8"
url = "https://github.com/lsd-rs/lsd/releases/download/v1.2.0/lsd-v1.2.0-aarch64-unknown-linux-musl.tar.gz"
url_api = "https://api.github.com/repos/lsd-rs/lsd/releases/assets/303319949"

[tools."aqua:lsd-rs/lsd"."platforms.macos-arm64"]
checksum = "sha256:9e34a5d392ff913302098aad0543dafa1883c531eaf229b82f086c3fca675e3e"
url = "https://github.com/lsd-rs/lsd/releases/download/v1.2.0/lsd-v1.2.0-aarch64-apple-darwin.tar.gz"
url_api = "https://api.github.com/repos/lsd-rs/lsd/releases/assets/303319340"

[[tools."aqua:mikefarah/yq"]]
version = "4.53.3"
backend = "aqua:mikefarah/yq"

[tools."aqua:mikefarah/yq"."platforms.linux-arm64"]
checksum = "sha256:578648e463a11c1b6db6010cbf41eafed6bee79466fcffa1bb446672cf7945ea"
url = "https://github.com/mikefarah/yq/releases/download/v4.53.3/yq_linux_arm64"
url_api = "https://api.github.com/repos/mikefarah/yq/releases/assets/440146727"
provenance = "cosign"

[tools."aqua:mikefarah/yq"."platforms.macos-arm64"]
checksum = "sha256:877de31753a4dd2401aa048937aa9a7fc4d5f6ce858cf31508c5802954297213"
url = "https://github.com/mikefarah/yq/releases/download/v4.53.3/yq_darwin_arm64"
url_api = "https://api.github.com/repos/mikefarah/yq/releases/assets/440146762"
provenance = "cosign"

[[tools."aqua:neovim/neovim"]]
version = "0.12.4"
backend = "aqua:neovim/neovim"

[tools."aqua:neovim/neovim"."platforms.linux-arm64"]
checksum = "sha256:ceb7e88c6b681f0515d135dcdfad54f5eb4373b25ce6172197cd9a69c758063f"
url = "https://github.com/neovim/neovim/releases/download/v0.12.4/nvim-linux-arm64.tar.gz"
url_api = "https://api.github.com/repos/neovim/neovim/releases/assets/467170628"

[tools."aqua:neovim/neovim"."platforms.macos-arm64"]
checksum = "sha256:51ab83afa66d663627c2ab1be43209b0f4e81360d4598b53efaa4d8195f24c89"
url = "https://github.com/neovim/neovim/releases/download/v0.12.4/nvim-macos-arm64.tar.gz"
url_api = "https://api.github.com/repos/neovim/neovim/releases/assets/467170626"

[[tools."aqua:ogulcancelik/herdr"]]
version = "0.8.0"
backend = "aqua:ogulcancelik/herdr"

[tools."aqua:ogulcancelik/herdr"."platforms.linux-arm64"]
checksum = "sha256:f647ac66468d9efbc642fe534fb284468f0aea60641606fc008dfc0d82a3ca87"
url = "https://github.com/herdrdev/herdr/releases/download/v0.8.0/herdr-linux-aarch64"
url_api = "https://api.github.com/repos/herdrdev/herdr/releases/assets/500422627"

[tools."aqua:ogulcancelik/herdr"."platforms.macos-arm64"]
checksum = "sha256:d53a9f93fccfdfcc55632927bf51002f5add0aa7990bcdf508ffbd84ac658178"
url = "https://github.com/herdrdev/herdr/releases/download/v0.8.0/herdr-macos-aarch64"
url_api = "https://api.github.com/repos/herdrdev/herdr/releases/assets/500422629"

[[tools."aqua:protocolbuffers/protobuf/protoc"]]
version = "35.1"
backend = "aqua:protocolbuffers/protobuf/protoc"

[tools."aqua:protocolbuffers/protobuf/protoc"."platforms.linux-arm64"]
checksum = "sha256:01bf9d08808c7f96678b63f4bd8efa559bb4f83d5a7a270d5edaf507f9d5d9cf"
url = "https://github.com/protocolbuffers/protobuf/releases/download/v35.1/protoc-35.1-linux-aarch_64.zip"
url_api = "https://api.github.com/repos/protocolbuffers/protobuf/releases/assets/445060236"

[tools."aqua:protocolbuffers/protobuf/protoc"."platforms.macos-arm64"]
checksum = "sha256:193289af0470c6a1aada357d4fba0bbf8d78bfaac8b5e42ca30af2ef75583de2"
url = "https://github.com/protocolbuffers/protobuf/releases/download/v35.1/protoc-35.1-osx-aarch_64.zip"
url_api = "https://api.github.com/repos/protocolbuffers/protobuf/releases/assets/445060249"

[[tools."aqua:sqldef/sqldef/mysqldef"]]
version = "3.11.19"
backend = "aqua:sqldef/sqldef/mysqldef"

[tools."aqua:sqldef/sqldef/mysqldef"."platforms.linux-arm64"]
checksum = "sha256:8853b02dd0fbde001446aecaa0c8753ad6f4d11b7a35c4cd4825757ef0013687"
url = "https://github.com/sqldef/sqldef/releases/download/v3.11.19/mysqldef_linux_arm64.tar.gz"
url_api = "https://api.github.com/repos/sqldef/sqldef/releases/assets/504007857"

[tools."aqua:sqldef/sqldef/mysqldef"."platforms.macos-arm64"]
checksum = "sha256:df612afd31fffcd5d4ee2557610a9140c2dfb022ad74bba907ceab5ca7b8d25b"
url = "https://github.com/sqldef/sqldef/releases/download/v3.11.19/mysqldef_darwin_arm64.zip"
url_api = "https://api.github.com/repos/sqldef/sqldef/releases/assets/504007863"

[[tools."aqua:suzuki-shunsuke/disable-checkout-persist-credentials"]]
version = "1.0.0"
backend = "aqua:suzuki-shunsuke/disable-checkout-persist-credentials"

[tools."aqua:suzuki-shunsuke/disable-checkout-persist-credentials"."platforms.linux-arm64"]
checksum = "sha256:a0925ca95870ad1f4bbdbb4e96172c4730558de76ac67f2d78f2ced1300ab9c7"
url = "https://github.com/suzuki-shunsuke/disable-checkout-persist-credentials/releases/download/v1.0.0/disable-checkout-persist-credentials_linux_arm64.tar.gz"
url_api = "https://api.github.com/repos/suzuki-shunsuke/disable-checkout-persist-credentials/releases/assets/325159895"

[tools."aqua:suzuki-shunsuke/disable-checkout-persist-credentials"."platforms.linux-arm64".provenance.slsa]
url = "https://github.com/suzuki-shunsuke/disable-checkout-persist-credentials/releases/download/v1.0.0/multiple.intoto.jsonl"

[tools."aqua:suzuki-shunsuke/disable-checkout-persist-credentials"."platforms.macos-arm64"]
checksum = "sha256:48ea9e0aa93febcc4d88095594fe38deb634292f9ed9b187e23067d50c4b4b43"
url = "https://github.com/suzuki-shunsuke/disable-checkout-persist-credentials/releases/download/v1.0.0/disable-checkout-persist-credentials_darwin_arm64.tar.gz"
url_api = "https://api.github.com/repos/suzuki-shunsuke/disable-checkout-persist-credentials/releases/assets/325159890"

[tools."aqua:suzuki-shunsuke/disable-checkout-persist-credentials"."platforms.macos-arm64".provenance.slsa]
url = "https://github.com/suzuki-shunsuke/disable-checkout-persist-credentials/releases/download/v1.0.0/multiple.intoto.jsonl"

[[tools."aqua:suzuki-shunsuke/ghtkn"]]
version = "0.3.6"
backend = "aqua:suzuki-shunsuke/ghtkn"

[tools."aqua:suzuki-shunsuke/ghtkn"."platforms.linux-arm64"]
checksum = "sha256:e7682163d4180e15629ac59e387aebdebb24e005dff1671221a37816093c0dc4"
url = "https://github.com/suzuki-shunsuke/ghtkn/releases/download/v0.3.6/ghtkn_linux_arm64.tar.gz"
url_api = "https://api.github.com/repos/suzuki-shunsuke/ghtkn/releases/assets/500538974"
provenance = "github-attestations"

[tools."aqua:suzuki-shunsuke/ghtkn"."platforms.macos-arm64"]
checksum = "sha256:b39767b59d9d12431b7a04e6242f3dfe59693d6953a41b1e8c8c2d710ac640f6"
url = "https://github.com/suzuki-shunsuke/ghtkn/releases/download/v0.3.6/ghtkn_darwin_arm64.tar.gz"
url_api = "https://api.github.com/repos/suzuki-shunsuke/ghtkn/releases/assets/500538965"
provenance = "github-attestations"

[[tools."aqua:suzuki-shunsuke/pinact"]]
version = "4.1.1"
backend = "aqua:suzuki-shunsuke/pinact"

[tools."aqua:suzuki-shunsuke/pinact"."platforms.linux-arm64"]
checksum = "sha256:dd1f29908319ed3e59f9fe6b39196efbb76936357f3bd741cd759a96306ae8d8"
url = "https://github.com/suzuki-shunsuke/pinact/releases/download/v4.1.1/pinact_linux_arm64.tar.gz"
url_api = "https://api.github.com/repos/suzuki-shunsuke/pinact/releases/assets/494702261"
provenance = "github-attestations"

[tools."aqua:suzuki-shunsuke/pinact"."platforms.macos-arm64"]
checksum = "sha256:c13998c9f0dd09d8973700938aa5f6ac52a1db4e94d4f578d8cc976cda478614"
url = "https://github.com/suzuki-shunsuke/pinact/releases/download/v4.1.1/pinact_darwin_arm64.tar.gz"
url_api = "https://api.github.com/repos/suzuki-shunsuke/pinact/releases/assets/494702257"
provenance = "github-attestations"

[[tools."aqua:tkuchiki/alp"]]
version = "1.0.21"
backend = "aqua:tkuchiki/alp"

[tools."aqua:tkuchiki/alp"."platforms.linux-arm64"]
checksum = "sha256:ce3b82c0279f0439928c892dfb158de9f8c8eba5e4ea992f6a014b9e6c1e790c"
url = "https://github.com/tkuchiki/alp/releases/download/v1.0.21/alp_linux_arm64.tar.gz"
url_api = "https://api.github.com/repos/tkuchiki/alp/releases/assets/128704691"

[tools."aqua:tkuchiki/alp"."platforms.macos-arm64"]
checksum = "sha256:cb1106b59f0f6de79499c2000f3fe4b364dbf0f0705276db2d5f90329abf40fc"
url = "https://github.com/tkuchiki/alp/releases/download/v1.0.21/alp_darwin_arm64.tar.gz"
url_api = "https://api.github.com/repos/tkuchiki/alp/releases/assets/128704685"

[[tools."aqua:tmux"]]
version = "3.6b"
backend = "aqua:tmux"

[tools."aqua:tmux"."platforms.linux-arm64"]
checksum = "sha256:fd4a2206c5e468dd2ee4e9a65f2d40e0762551965d7fdbe849c494ab14f513e9"
url = "https://github.com/tmux/tmux-builds/releases/download/v3.6b/tmux-3.6b-linux-arm64.tar.gz"
url_api = "https://api.github.com/repos/tmux/tmux-builds/releases/assets/425172968"

[tools."aqua:tmux"."platforms.macos-arm64"]
checksum = "sha256:88323402bd28d21103239caf009b130086ebf334807de485d4a1e1c7188ee810"
url = "https://github.com/tmux/tmux-builds/releases/download/v3.6b/tmux-3.6b-macos-arm64.tar.gz"
url_api = "https://api.github.com/repos/tmux/tmux-builds/releases/assets/425172971"

[[tools."aqua:typst/typst"]]
version = "0.15.1"
backend = "aqua:typst/typst"

[tools."aqua:typst/typst"."platforms.linux-arm64"]
checksum = "sha256:5aa8d74a3d906e60ea12a66ac2f37f8eef1b14cbad7182a745e393a10c23dcee"
url = "https://github.com/typst/typst/releases/download/v0.15.1/typst-aarch64-unknown-linux-musl.tar.xz"
url_api = "https://api.github.com/repos/typst/typst/releases/assets/480300408"

[tools."aqua:typst/typst"."platforms.macos-arm64"]
checksum = "sha256:48f62ed034aa3a7978309579ac6ca00045e2ef0da73114e8af27cfd8e74dc05a"
url = "https://github.com/typst/typst/releases/download/v0.15.1/typst-aarch64-apple-darwin.tar.xz"
url_api = "https://api.github.com/repos/typst/typst/releases/assets/480299147"

[[tools."asdf:mise-plugins/mise-eza"]]
version = "0.23.5"
backend = "asdf:mise-plugins/mise-eza"

[[tools.elixir]]
version = "1.19.5-otp-27"
backend = "core:elixir"

[tools.elixir."platforms.macos-arm64"]
checksum = "sha256:1ab3154ec19adcd4b764cf96badecbe44df5ec6f358dc0fbe29c3749ff6c08de"
url = "https://builds.hex.pm/builds/elixir/v1.19.5-otp-27.zip"

[[tools.erlang]]
version = "27.3.4.12"
backend = "core:erlang"

[tools.erlang."platforms.macos-arm64"]
checksum = "sha256:bb1bec2303d17f68d1e591e5b79411095b344f9909997a95a5e8d9deefccef0d"
url = "https://github.com/erlef/otp_builds/releases/download/OTP-27.3.4.12/otp-aarch64-apple-darwin.tar.gz"
url_api = "https://api.github.com/repos/erlef/otp_builds/releases/assets/430987961"

[[tools."github:ByteNess/aws-vault"]]
version = "7.13.3"
backend = "github:ByteNess/aws-vault"

[tools."github:ByteNess/aws-vault"."platforms.linux-arm64"]
checksum = "sha256:a39a014d473ac67d7e70134bac48e928f436742b9e0cdbeea50cc59bd2c65f15"
url = "https://github.com/ByteNess/aws-vault/releases/download/v7.13.3/aws-vault-linux-arm64"
url_api = "https://api.github.com/repos/ByteNess/aws-vault/releases/assets/501551871"

[tools."github:ByteNess/aws-vault"."platforms.macos-arm64"]
checksum = "sha256:f56df16315dee1c7f0fa7fd2ff1ecb90aaa0cdac34921c00f6b805e444741e89"
url = "https://github.com/ByteNess/aws-vault/releases/download/v7.13.3/aws-vault-darwin-arm64"
url_api = "https://api.github.com/repos/ByteNess/aws-vault/releases/assets/501551874"

[[tools."github:ocaml/opam"]]
version = "2.5.2"
backend = "github:ocaml/opam"

[tools."github:ocaml/opam"."platforms.macos-arm64"]
checksum = "sha256:407e53416cfb49b41ce80e6d3c67a3df08df7f5028f407311f457f4e2a19004b"
url = "https://github.com/ocaml/opam/releases/download/2.5.2/opam-2.5.2-arm64-macos"
url_api = "https://api.github.com/repos/ocaml/opam/releases/assets/470873689"

[[tools."github:sunakan/op-vault"]]
version = "0.4.0"
backend = "github:sunakan/op-vault"

[tools."github:sunakan/op-vault"."platforms.macos-arm64"]
checksum = "sha256:d53a4c006de8576909d4516cd8ea2d68366b789ed3eb460e2815ad387a5be8aa"
url = "https://github.com/sunakan/op-vault/releases/download/v0.4.0/op-vault_darwin_arm64.tar.gz"
url_api = "https://api.github.com/repos/sunakan/op-vault/releases/assets/487185930"
provenance = "github-attestations"

[[tools.go]]
version = "1.26.3"
backend = "core:go"

[tools.go."platforms.macos-arm64"]
checksum = "sha256:875cf54a15311eee2c99b9dd67c68c4a49351d489ab622bf2cfd28c8f2078d3c"
url = "https://dl.google.com/go/go1.26.3.darwin-arm64.tar.gz"

[[tools."go:golang.org/x/tools/gopls"]]
version = "0.23.0"
backend = "go:golang.org/x/tools/gopls"

[[tools."http:cage"]]
version = "0.1.13"
backend = "http:cage"

[tools."http:cage"."platforms.macos-arm64"]
checksum = "sha256:29ccee40b34bb4013700e03b21882914f2625e81749dcd0dc3deec408cbac477"
url = "https://github.com/Warashi/cage/releases/download/v0.1.13/cage_Darwin_arm64.tar.gz"

[[tools."http:profilecli"]]
version = "2.0.1"
backend = "http:profilecli"

[tools."http:profilecli"."platforms.macos-arm64"]
checksum = "sha256:2cee2f7a6b695ac6545ed4b284505290485778c43cf720ad468e42e10e2ce2c9"
url = "https://github.com/grafana/pyroscope/releases/download/v2.0.1/profilecli_2.0.1_darwin_arm64.tar.gz"

[[tools.java]]
version = "temurin-21.0.10+7.0.LTS"
backend = "core:java"

[tools.java."platforms.linux-arm64"]
checksum = "sha256:357fee29fb0d5c079f6730db98b28942df13a6eed426f6c61cd4ad703ab27b9a"
url = "https://github.com/adoptium/temurin21-binaries/releases/download/jdk-21.0.10%2B7/OpenJDK21U-jdk_aarch64_linux_hotspot_21.0.10_7.tar.gz"

[tools.java."platforms.macos-arm64"]
checksum = "sha256:01ca390455216ca27bdddf8cfad51aaedb4f90e1e23aad9bfd9e90caaa2c5f1b"
url = "https://github.com/adoptium/temurin21-binaries/releases/download/jdk-21.0.10%2B7/OpenJDK21U-jdk_aarch64_mac_hotspot_21.0.10_7.tar.gz"

[[tools.java]]
version = "temurin-25.0.2+10.0.LTS"
backend = "core:java"

[tools.java."platforms.linux-arm64"]
checksum = "sha256:a9d73e711d967dc44896d4f430f73a68fd33590dabc29a7f2fb9f593425b854c"
url = "https://github.com/adoptium/temurin25-binaries/releases/download/jdk-25.0.2%2B10/OpenJDK25U-jdk_aarch64_linux_hotspot_25.0.2_10.tar.gz"

[tools.java."platforms.macos-arm64"]
checksum = "sha256:74ff6e892924a49767c35eb61251b1969c03213819d51065d9b8f9e0238c4f97"
url = "https://github.com/adoptium/temurin25-binaries/releases/download/jdk-25.0.2%2B10/OpenJDK25U-jdk_aarch64_mac_hotspot_25.0.2_10.tar.gz"

[[tools.node]]
version = "26.3.1"
backend = "core:node"

[tools.node."platforms.macos-arm64"]
checksum = "sha256:3f624ab0d774553c0d28b968e141d8c676a35a2811fb0b7b356ba9cbdce15f74"
url = "https://nodejs.org/dist/v26.3.1/node-v26.3.1-darwin-arm64.tar.gz"

[[tools."npm:@google/gemini-cli"]]
version = "0.54.4"
backend = "npm:@google/gemini-cli"

[[tools."npm:@openai/codex"]]
version = "0.147.0"
backend = "npm:@openai/codex"

[[tools.opentofu]]
version = "1.11.4"
backend = "aqua:opentofu/opentofu"

[tools.opentofu."platforms.linux-arm64"]
checksum = "sha256:6b81ff00501737fd3459fef6cee9c06ce2b08683f6b7af110b2616468d024228"
url = "https://github.com/opentofu/opentofu/releases/download/v1.11.4/tofu_1.11.4_linux_arm64.tar.gz"
url_api = "https://api.github.com/repos/opentofu/opentofu/releases/assets/343855784"

[tools.opentofu."platforms.macos-arm64"]
checksum = "sha256:2e52b9baccf925a1516ae850112b6eddce35d96e9b59fa954d191d6e8ef3af5f"
url = "https://github.com/opentofu/opentofu/releases/download/v1.11.4/tofu_1.11.4_darwin_arm64.tar.gz"
url_api = "https://api.github.com/repos/opentofu/opentofu/releases/assets/343855785"

[[tools.python]]
version = "3.14.3"
backend = "core:python"

[tools.python."platforms.linux-arm64"]
checksum = "sha256:53700338695e402a1a1fe22be4a41fbdacc70e22bb308a48eca8ed67cb7992be"
url = "https://github.com/astral-sh/python-build-standalone/releases/download/20260324/cpython-3.14.3+20260324-aarch64-unknown-linux-gnu-install_only_stripped.tar.gz"
provenance = "github-attestations"

[tools.python."platforms.macos-arm64"]
checksum = "sha256:c43aecde4a663aebff99b9b83da0efec506479f1c3f98331442f33d2c43501f9"
url = "https://github.com/astral-sh/python-build-standalone/releases/download/20260324/cpython-3.14.3+20260324-aarch64-apple-darwin-install_only_stripped.tar.gz"
provenance = "github-attestations"

[[tools.ruby]]
version = "3.4.9"
backend = "core:ruby"

[tools.ruby.options]
compile = "true"
ruby_build_repo = "https://github.com/rbenv/ruby-build.git"
ruby_install = "false"

[tools.ruby."platforms.linux-arm64"]
checksum = "sha256:7bb4d4f5e807cc27251d14d9d6086d182c5b25875191e44ab15b709cd7a7dd9c"
url = "https://cache.ruby-lang.org/pub/ruby/3.4/ruby-3.4.9.tar.gz"

[tools.ruby."platforms.macos-arm64"]
checksum = "sha256:7bb4d4f5e807cc27251d14d9d6086d182c5b25875191e44ab15b709cd7a7dd9c"
url = "https://cache.ruby-lang.org/pub/ruby/3.4/ruby-3.4.9.tar.gz"

[[tools.ruby]]
version = "4.0.5"
backend = "core:ruby"

[tools.ruby.options]
compile = "true"
ruby_build_repo = "https://github.com/rbenv/ruby-build.git"
ruby_install = "false"

[tools.ruby."platforms.linux-arm64"]
checksum = "sha256:7d6149079a63f8ae1d326c9fa65c6019ba2dc3155eae7b39159817911c88958e"
url = "https://cache.ruby-lang.org/pub/ruby/4.0/ruby-4.0.5.tar.gz"

[tools.ruby."platforms.macos-arm64"]
checksum = "sha256:7d6149079a63f8ae1d326c9fa65c6019ba2dc3155eae7b39159817911c88958e"
url = "https://cache.ruby-lang.org/pub/ruby/4.0/ruby-4.0.5.tar.gz"

[[tools.terraform]]
version = "1.15.7"
backend = "aqua:hashicorp/terraform"

[tools.terraform."platforms.linux-arm64"]
checksum = "sha256:7a9e92105ede978cf9049a2fbe53dfe67c6a8da4b4d7f613d89e7dd7c63ec40d"
url = "https://releases.hashicorp.com/terraform/1.15.7/terraform_1.15.7_linux_arm64.zip"

[tools.terraform."platforms.macos-arm64"]
checksum = "sha256:711791bf41365137a9a4adbf3e4c4a18dd7389d45c6a3039e3c6946bc750080e"
url = "https://releases.hashicorp.com/terraform/1.15.7/terraform_1.15.7_darwin_arm64.zip"
