# @generated - this file is auto-generated by `mise lock` https://mise.en.dev/dev-tools/mise-lock.html

[[tools."aqua:BurntSushi/ripgrep"]]
version = "15.1.0"
backend = "aqua:BurntSushi/ripgrep"

[tools."aqua:BurntSushi/ripgrep"."platforms.macos-arm64"]
checksum = "sha256:378e973289176ca0c6054054ee7f631a065874a352bf43f0fa60ef079b6ba715"
url = "https://github.com/BurntSushi/ripgrep/releases/download/15.1.0/ripgrep-15.1.0-aarch64-apple-darwin.tar.gz"

[[tools."aqua:cli/cli"]]
version = "2.95.0"
backend = "aqua:cli/cli"

[tools."aqua:cli/cli"."platforms.macos-arm64"]
checksum = "sha256:3677f9c27965825f9c7d50395473c134edaea4b484373ef6b25de653570a0489"
url = "https://github.com/cli/cli/releases/download/v2.95.0/gh_2.95.0_macOS_arm64.zip"
provenance = "github-attestations"

[[tools."aqua:cloudflare/cloudflared"]]
version = "2026.6.1"
backend = "aqua:cloudflare/cloudflared"

[tools."aqua:cloudflare/cloudflared"."platforms.macos-arm64"]
checksum = "sha256:f6d4c439c6c782b83264951d327989ce5e23373acc5942b872411601fedb020d"
url = "https://github.com/cloudflare/cloudflared/releases/download/2026.6.1/cloudflared-darwin-arm64.tgz"

[[tools."aqua:dandavison/delta"]]
version = "0.19.2"
backend = "aqua:dandavison/delta"

[tools."aqua:dandavison/delta"."platforms.macos-arm64"]
checksum = "sha256:9be36612a5a13e9e386dc498fb8e50dc87c72ee42b63db0ea05b32f99a72a69a"
url = "https://github.com/dandavison/delta/releases/download/0.19.2/delta-0.19.2-aarch64-apple-darwin.tar.gz"

[[tools."aqua:direnv/direnv"]]
version = "2.37.1"
backend = "aqua:direnv/direnv"

[tools."aqua:direnv/direnv"."platforms.macos-arm64"]
checksum = "sha256:4f569f3a36732bfd8b8fea7bfcc6ad87a59745c109022164d0ca4832451d5369"
url = "https://github.com/direnv/direnv/releases/download/v2.37.1/direnv.darwin-arm64"

[[tools."aqua:eksctl-io/eksctl"]]
version = "0.229.0"
backend = "aqua:eksctl-io/eksctl"

[tools."aqua:eksctl-io/eksctl"."platforms.macos-arm64"]
checksum = "sha256:fe3dfba81ff26ce292b303b9c33dbce2f49b74591b0fbf5219669de40436f907"
url = "https://github.com/eksctl-io/eksctl/releases/download/v0.229.0/eksctl_Darwin_arm64.tar.gz"

[[tools."aqua:fullstorydev/grpcurl"]]
version = "1.9.3"
backend = "aqua:fullstorydev/grpcurl"

[tools."aqua:fullstorydev/grpcurl"."platforms.macos-arm64"]
checksum = "sha256:d8391485e99a728a3a4e82af3fd621f9fdea0c417a74e5122803ad20b207b623"
url = "https://github.com/fullstorydev/grpcurl/releases/download/v1.9.3/grpcurl_1.9.3_osx_arm64.tar.gz"

[[tools."aqua:go-task/task"]]
version = "3.51.1"
backend = "aqua:go-task/task"

[tools."aqua:go-task/task"."platforms.macos-arm64"]
checksum = "sha256:a0330f0df20dd1187e323f284a7f365c0ea1f2f271c1e154811e9fc4724bed13"
url = "https://github.com/go-task/task/releases/download/v3.51.1/task_darwin_arm64.tar.gz"

[[tools."aqua:golangci/golangci-lint"]]
version = "2.12.2"
backend = "aqua:golangci/golangci-lint"

[tools."aqua:golangci/golangci-lint"."platforms.macos-arm64"]
checksum = "sha256:a9c54498731b3128f79e090be6110f3e5fffccc617b08142ed244d4126c73f29"
url = "https://github.com/golangci/golangci-lint/releases/download/v2.12.2/golangci-lint-2.12.2-darwin-arm64.tar.gz"
provenance = "github-attestations"

[[tools."aqua:jesseduffield/lazygit"]]
version = "0.62.2"
backend = "aqua:jesseduffield/lazygit"

[tools."aqua:jesseduffield/lazygit"."platforms.macos-arm64"]
checksum = "sha256:f311d96b666b4865760e39f3967edfd7bf30b5d09e52a1bc7ae511f6bdfdd02c"
url = "https://github.com/jesseduffield/lazygit/releases/download/v0.62.2/lazygit_0.62.2_darwin_arm64.tar.gz"

[[tools."aqua:jqlang/jq"]]
version = "1.8.2"
backend = "aqua:jqlang/jq"

[tools."aqua:jqlang/jq"."platforms.macos-arm64"]
checksum = "sha256:2d75340ba57a4b4b4c8708a21c2dc8e958a48aaa8bba13b27f77f6e4c0eca07e"
url = "https://github.com/jqlang/jq/releases/download/jq-1.8.2/jq-macos-arm64"
provenance = "github-attestations"

[[tools."aqua:kubernetes/kubernetes/kubectl"]]
version = "1.36.2"
backend = "aqua:kubernetes/kubernetes/kubectl"

[tools."aqua:kubernetes/kubernetes/kubectl"."platforms.macos-arm64"]
checksum = "sha256:4408c85c83fd3a31adaa555bdf3c7a6c81f74b19449a9060ba31ab91926f023d"
url = "https://dl.k8s.io/v1.36.2/bin/darwin/arm64/kubectl"

[[tools."aqua:lsd-rs/lsd"]]
version = "1.2.0"
backend = "aqua:lsd-rs/lsd"

[tools."aqua:lsd-rs/lsd"."platforms.macos-arm64"]
checksum = "sha256:9e34a5d392ff913302098aad0543dafa1883c531eaf229b82f086c3fca675e3e"
url = "https://github.com/lsd-rs/lsd/releases/download/v1.2.0/lsd-v1.2.0-aarch64-apple-darwin.tar.gz"

[[tools."aqua:mikefarah/yq"]]
version = "4.53.3"
backend = "aqua:mikefarah/yq"

[tools."aqua:mikefarah/yq"."platforms.macos-arm64"]
checksum = "sha256:877de31753a4dd2401aa048937aa9a7fc4d5f6ce858cf31508c5802954297213"
url = "https://github.com/mikefarah/yq/releases/download/v4.53.3/yq_darwin_arm64"

[[tools."aqua:protocolbuffers/protobuf/protoc"]]
version = "35.1"
backend = "aqua:protocolbuffers/protobuf/protoc"

[tools."aqua:protocolbuffers/protobuf/protoc"."platforms.macos-arm64"]
checksum = "sha256:193289af0470c6a1aada357d4fba0bbf8d78bfaac8b5e42ca30af2ef75583de2"
url = "https://github.com/protocolbuffers/protobuf/releases/download/v35.1/protoc-35.1-osx-aarch_64.zip"

[[tools."aqua:sqldef/sqldef/mysqldef"]]
version = "3.11.11"
backend = "aqua:sqldef/sqldef/mysqldef"

[tools."aqua:sqldef/sqldef/mysqldef"."platforms.macos-arm64"]
checksum = "sha256:80004aa114a216b369981479d87c701926f203aa8100c0a699ef975c39ad0266"
url = "https://github.com/sqldef/sqldef/releases/download/v3.11.11/mysqldef_darwin_arm64.zip"

[[tools."aqua:suzuki-shunsuke/disable-checkout-persist-credentials"]]
version = "1.0.0"
backend = "aqua:suzuki-shunsuke/disable-checkout-persist-credentials"

[tools."aqua:suzuki-shunsuke/disable-checkout-persist-credentials"."platforms.macos-arm64"]
checksum = "sha256:48ea9e0aa93febcc4d88095594fe38deb634292f9ed9b187e23067d50c4b4b43"
url = "https://github.com/suzuki-shunsuke/disable-checkout-persist-credentials/releases/download/v1.0.0/disable-checkout-persist-credentials_darwin_arm64.tar.gz"

[tools."aqua:suzuki-shunsuke/disable-checkout-persist-credentials"."platforms.macos-arm64".provenance.slsa]
url = "https://github.com/suzuki-shunsuke/disable-checkout-persist-credentials/releases/download/v1.0.0/multiple.intoto.jsonl"

[[tools."aqua:suzuki-shunsuke/ghtkn"]]
version = "0.3.3"
backend = "aqua:suzuki-shunsuke/ghtkn"

[tools."aqua:suzuki-shunsuke/ghtkn"."platforms.macos-arm64"]
checksum = "sha256:aabdf1f4db9e0ee23e2a465e1c17f6c56467928e955a03d6cad0ce3f781188da"
url = "https://github.com/suzuki-shunsuke/ghtkn/releases/download/v0.3.3/ghtkn_darwin_arm64.tar.gz"
provenance = "github-attestations"

[[tools."aqua:tkuchiki/alp"]]
version = "1.0.21"
backend = "aqua:tkuchiki/alp"

[tools."aqua:tkuchiki/alp"."platforms.macos-arm64"]
checksum = "sha256:cb1106b59f0f6de79499c2000f3fe4b364dbf0f0705276db2d5f90329abf40fc"
url = "https://github.com/tkuchiki/alp/releases/download/v1.0.21/alp_darwin_arm64.tar.gz"

[[tools."aqua:tmux"]]
version = "3.6b"
backend = "aqua:tmux"

[tools."aqua:tmux"."platforms.macos-arm64"]
checksum = "sha256:88323402bd28d21103239caf009b130086ebf334807de485d4a1e1c7188ee810"
url = "https://github.com/tmux/tmux-builds/releases/download/v3.6b/tmux-3.6b-macos-arm64.tar.gz"

[[tools."aqua:typst/typst"]]
version = "0.15.0"
backend = "aqua:typst/typst"

[tools."aqua:typst/typst"."platforms.macos-arm64"]
checksum = "sha256:fe53838737abf93a774495952a1a797b4686e9c4a21c2d99b9fdf77f46cc3572"
url = "https://github.com/typst/typst/releases/download/v0.15.0/typst-aarch64-apple-darwin.tar.xz"

[[tools."asdf:mise-plugins/mise-eza"]]
version = "0.23.4"
backend = "asdf:mise-plugins/mise-eza"

[[tools.elixir]]
version = "1.19.5-otp-27"
backend = "core:elixir"

[tools.elixir."platforms.macos-arm64"]
checksum = "sha256:1ab3154ec19adcd4b764cf96badecbe44df5ec6f358dc0fbe29c3749ff6c08de"
url = "https://builds.hex.pm/builds/elixir/v1.19.5-otp-27.zip"

[[tools.erlang]]
version = "27.3.4.12"
backend = "core:erlang"

[tools.erlang.options]
precompiled = "if_available"

[tools.erlang."platforms.macos-arm64"]
checksum = "sha256:bb1bec2303d17f68d1e591e5b79411095b344f9909997a95a5e8d9deefccef0d"
url = "https://github.com/erlef/otp_builds/releases/download/OTP-27.3.4.12/otp-aarch64-apple-darwin.tar.gz"
url_api = "https://api.github.com/repos/erlef/otp_builds/releases/assets/430987961"

[[tools."github:ByteNess/aws-vault"]]
version = "7.12.4"
backend = "github:ByteNess/aws-vault"

[tools."github:ByteNess/aws-vault"."platforms.macos-arm64"]
checksum = "sha256:bb80bc4586084481a8a588affbb9152c14f143dfc4591bffa4e508632587b382"
url = "https://github.com/ByteNess/aws-vault/releases/download/v7.12.4/aws-vault-darwin-arm64"
url_api = "https://api.github.com/repos/ByteNess/aws-vault/releases/assets/459545644"

[[tools."github:ocaml/opam"]]
version = "2.5.1"
backend = "github:ocaml/opam"

[tools."github:ocaml/opam"."platforms.macos-arm64"]
checksum = "sha256:4fe7d4adb9a3ac5258386a9760c48b82c7c1581d2a7b7adf9c971e7580c7687f"
url = "https://github.com/ocaml/opam/releases/download/2.5.1/opam-2.5.1-arm64-macos"
url_api = "https://api.github.com/repos/ocaml/opam/releases/assets/397678543"

[[tools."github:sunakan/op-vault"]]
version = "0.3.0"
backend = "github:sunakan/op-vault"

[tools."github:sunakan/op-vault"."platforms.macos-arm64"]
checksum = "sha256:b605ccc858f105673269efbe9839fbf07d056b124ab6796f2ce56090e6429e4b"
url = "https://github.com/sunakan/op-vault/releases/download/v0.3.0/op-vault_darwin_arm64.tar.gz"
url_api = "https://api.github.com/repos/sunakan/op-vault/releases/assets/441845318"
provenance = "github-attestations"

[[tools.go]]
version = "1.26.3"
backend = "core:go"

[tools.go."platforms.macos-arm64"]
checksum = "sha256:875cf54a15311eee2c99b9dd67c68c4a49351d489ab622bf2cfd28c8f2078d3c"
url = "https://dl.google.com/go/go1.26.3.darwin-arm64.tar.gz"

[[tools."go:golang.org/x/tools/gopls"]]
version = "0.22.0"
backend = "go:golang.org/x/tools/gopls"

[[tools."http:cage"]]
version = "0.1.13"
backend = "http:cage"

[tools."http:cage"."platforms.macos-arm64"]
checksum = "sha256:29ccee40b34bb4013700e03b21882914f2625e81749dcd0dc3deec408cbac477"
url = "https://github.com/Warashi/cage/releases/download/v0.1.13/cage_Darwin_arm64.tar.gz"

[[tools."http:profilecli"]]
version = "2.0.1"
backend = "http:profilecli"

[tools."http:profilecli"."platforms.macos-arm64"]
checksum = "sha256:2cee2f7a6b695ac6545ed4b284505290485778c43cf720ad468e42e10e2ce2c9"
url = "https://github.com/grafana/pyroscope/releases/download/v2.0.1/profilecli_2.0.1_darwin_arm64.tar.gz"

[[tools.java]]
version = "temurin-21.0.10+7.0.LTS"
backend = "core:java"

[tools.java."platforms.macos-arm64"]
checksum = "sha256:01ca390455216ca27bdddf8cfad51aaedb4f90e1e23aad9bfd9e90caaa2c5f1b"
url = "https://github.com/adoptium/temurin21-binaries/releases/download/jdk-21.0.10%2B7/OpenJDK21U-jdk_aarch64_mac_hotspot_21.0.10_7.tar.gz"

[[tools.java]]
version = "temurin-25.0.2+10.0.LTS"
backend = "core:java"

[tools.java."platforms.macos-arm64"]
checksum = "sha256:74ff6e892924a49767c35eb61251b1969c03213819d51065d9b8f9e0238c4f97"
url = "https://github.com/adoptium/temurin25-binaries/releases/download/jdk-25.0.2%2B10/OpenJDK25U-jdk_aarch64_mac_hotspot_25.0.2_10.tar.gz"

[[tools.node]]
version = "26.3.1"
backend = "core:node"

[tools.node."platforms.macos-arm64"]
checksum = "sha256:3f624ab0d774553c0d28b968e141d8c676a35a2811fb0b7b356ba9cbdce15f74"
url = "https://nodejs.org/dist/v26.3.1/node-v26.3.1-darwin-arm64.tar.gz"

[[tools."npm:@google/gemini-cli"]]
version = "0.47.0"
backend = "npm:@google/gemini-cli"

[[tools."npm:@openai/codex"]]
version = "0.141.0"
backend = "npm:@openai/codex"

[[tools.opentofu]]
version = "1.11.4"
backend = "aqua:opentofu/opentofu"

[tools.opentofu."platforms.macos-arm64"]
checksum = "sha256:2e52b9baccf925a1516ae850112b6eddce35d96e9b59fa954d191d6e8ef3af5f"
url = "https://github.com/opentofu/opentofu/releases/download/v1.11.4/tofu_1.11.4_darwin_arm64.tar.gz"

[[tools.python]]
version = "3.14.3"
backend = "core:python"

[tools.python."platforms.macos-arm64"]
checksum = "sha256:c43aecde4a663aebff99b9b83da0efec506479f1c3f98331442f33d2c43501f9"
url = "https://github.com/astral-sh/python-build-standalone/releases/download/20260324/cpython-3.14.3+20260324-aarch64-apple-darwin-install_only_stripped.tar.gz"
provenance = "github-attestations"

[[tools.ruby]]
version = "3.4.9"
backend = "core:ruby"

[tools.ruby.options]
compile = "true"
ruby_build_repo = "https://github.com/rbenv/ruby-build.git"
ruby_install = "false"

[tools.ruby."platforms.macos-arm64"]
checksum = "sha256:7bb4d4f5e807cc27251d14d9d6086d182c5b25875191e44ab15b709cd7a7dd9c"
url = "https://cache.ruby-lang.org/pub/ruby/3.4/ruby-3.4.9.tar.gz"

[[tools.ruby]]
version = "4.0.5"
backend = "core:ruby"

[tools.ruby.options]
compile = "true"
ruby_build_repo = "https://github.com/rbenv/ruby-build.git"
ruby_install = "false"

[tools.ruby."platforms.macos-arm64"]
checksum = "sha256:7d6149079a63f8ae1d326c9fa65c6019ba2dc3155eae7b39159817911c88958e"
url = "https://cache.ruby-lang.org/pub/ruby/4.0/ruby-4.0.5.tar.gz"

[[tools.terraform]]
version = "1.15.7"
backend = "aqua:hashicorp/terraform"

[tools.terraform."platforms.macos-arm64"]
checksum = "sha256:711791bf41365137a9a4adbf3e4c4a18dd7389d45c6a3039e3c6946bc750080e"
url = "https://releases.hashicorp.com/terraform/1.15.7/terraform_1.15.7_darwin_arm64.zip"
